// !$*UTF8*$!
{
	archiveVersion = 1;
	classes = {
	};
	objectVersion = 46;
	objects = {

/* Begin PBXBuildFile section */
		491EFC491D9FE0D800D0576F /* ObjectInformationTestClassSwift.swift in Sources */ = {isa = PBXBuildFile; fileRef = 491EFC481D9FE0D800D0576F /* ObjectInformationTestClassSwift.swift */; };
		491EFC4B1D9FE10D00D0576F /* ObjectInformationTestClassNSObject.swift in Sources */ = {isa = PBXBuildFile; fileRef = 491EFC4A1D9FE10D00D0576F /* ObjectInformationTestClassNSObject.swift */; };
		491EFC511D9FE40900D0576F /* NSManagedObject+Additions.swift in Sources */ = {isa = PBXBuildFile; fileRef = 491EFC501D9FE40900D0576F /* NSManagedObject+Additions.swift */; };
		492865281DA19E1C00A3D8AD /* NSManagedObject+AdditionsTests.swift in Sources */ = {isa = PBXBuildFile; fileRef = 492865271DA19E1C00A3D8AD /* NSManagedObject+AdditionsTests.swift */; };
		4928652A1DA19E6500A3D8AD /* CoreDataHelperTests.swift in Sources */ = {isa = PBXBuildFile; fileRef = 492865291DA19E6500A3D8AD /* CoreDataHelperTests.swift */; };
		492E50C11DAAC91F00D78B55 /* MSSticker+Additions.swift in Sources */ = {isa = PBXBuildFile; fileRef = 492E50C01DAAC91F00D78B55 /* MSSticker+Additions.swift */; };
		492E50C51DABAC4200D78B55 /* String+Unicode.swift in Sources */ = {isa = PBXBuildFile; fileRef = 492E50C41DABAC4200D78B55 /* String+Unicode.swift */; };
		492E50CA1DABB7E800D78B55 /* String+UnicodeTests.swift in Sources */ = {isa = PBXBuildFile; fileRef = 492E50C91DABB7E800D78B55 /* String+UnicodeTests.swift */; };
		492E50CC1DABB88C00D78B55 /* ObjectInformationHelperTests.swift in Sources */ = {isa = PBXBuildFile; fileRef = 492E50CB1DABB88C00D78B55 /* ObjectInformationHelperTests.swift */; };
		492E50CF1DABF95700D78B55 /* MSSticker+AdditionsTests.swift in Sources */ = {isa = PBXBuildFile; fileRef = 492E50CE1DABF95700D78B55 /* MSSticker+AdditionsTests.swift */; };
		492E50D81DABFA1500D78B55 /* animated.png in Resources */ = {isa = PBXBuildFile; fileRef = 492E50D61DABFA1500D78B55 /* animated.png */; };
		492E50D91DABFA1500D78B55 /* not_animated.png in Resources */ = {isa = PBXBuildFile; fileRef = 492E50D71DABFA1500D78B55 /* not_animated.png */; };
		492E50E21DAC149400D78B55 /* AppGroupHelper.swift in Sources */ = {isa = PBXBuildFile; fileRef = 492E50DC1DAC149400D78B55 /* AppGroupHelper.swift */; };
		492E50E31DAC149400D78B55 /* CommonConstants.swift in Sources */ = {isa = PBXBuildFile; fileRef = 492E50DD1DAC149400D78B55 /* CommonConstants.swift */; };
		492E50E41DAC149400D78B55 /* CommonErrors.swift in Sources */ = {isa = PBXBuildFile; fileRef = 492E50DE1DAC149400D78B55 /* CommonErrors.swift */; };
		492E50E51DAC149400D78B55 /* Logging.swift in Sources */ = {isa = PBXBuildFile; fileRef = 492E50DF1DAC149400D78B55 /* Logging.swift */; };
		492E50E61DAC149400D78B55 /* ObjectInformationHelper.swift in Sources */ = {isa = PBXBuildFile; fileRef = 492E50E01DAC149400D78B55 /* ObjectInformationHelper.swift */; };
		492E50E71DAC149400D78B55 /* PropertyListHelper.swift in Sources */ = {isa = PBXBuildFile; fileRef = 492E50E11DAC149400D78B55 /* PropertyListHelper.swift */; };
		492E50E91DAC14FE00D78B55 /* UnicodeConverter.swift in Sources */ = {isa = PBXBuildFile; fileRef = 492E50E81DAC14FE00D78B55 /* UnicodeConverter.swift */; };
		4932CC981D917B6100E46E41 /* BuffstopToolbox.framework in Frameworks */ = {isa = PBXBuildFile; fileRef = 4932CC8E1D917B6100E46E41 /* BuffstopToolbox.framework */; };
		4932CC9F1D917B6100E46E41 /* BuffstopToolbox.h in Headers */ = {isa = PBXBuildFile; fileRef = 4932CC911D917B6100E46E41 /* BuffstopToolbox.h */; settings = {ATTRIBUTES = (Public, ); }; };
		495145191DA128F8000D64F5 /* CoreDataHelper.swift in Sources */ = {isa = PBXBuildFile; fileRef = 495145181DA128F8000D64F5 /* CoreDataHelper.swift */; };
		495FEB4F1DA12EEA0097FC34 /* TestModel.xcdatamodeld in Sources */ = {isa = PBXBuildFile; fileRef = 495FEB4D1DA12EEA0097FC34 /* TestModel.xcdatamodeld */; };
		495FEB511DA12F600097FC34 /* TestCoreDataStack.swift in Sources */ = {isa = PBXBuildFile; fileRef = 495FEB501DA12F600097FC34 /* TestCoreDataStack.swift */; };
		495FEB581DA133030097FC34 /* TestEntity+CoreDataClass.swift in Sources */ = {isa = PBXBuildFile; fileRef = 495FEB561DA133030097FC34 /* TestEntity+CoreDataClass.swift */; };
		495FEB591DA133030097FC34 /* TestEntity+CoreDataProperties.swift in Sources */ = {isa = PBXBuildFile; fileRef = 495FEB571DA133030097FC34 /* TestEntity+CoreDataProperties.swift */; };
		498850591DA566430028D647 /* UIView+AutoLayout.swift in Sources */ = {isa = PBXBuildFile; fileRef = 498850581DA566430028D647 /* UIView+AutoLayout.swift */; };
		498954A81DA3D6AA0020B848 /* CoreDataStackTests.swift in Sources */ = {isa = PBXBuildFile; fileRef = 498954A71DA3D6AA0020B848 /* CoreDataStackTests.swift */; };
		499AF2561D9A8FB90081477C /* CoreDataStack.swift in Sources */ = {isa = PBXBuildFile; fileRef = 499AF2551D9A8FB90081477C /* CoreDataStack.swift */; };
/* End PBXBuildFile section */

/* Begin PBXContainerItemProxy section */
		4932CC991D917B6100E46E41 /* PBXContainerItemProxy */ = {
			isa = PBXContainerItemProxy;
			containerPortal = 4932CC851D917B6100E46E41 /* Project object */;
			proxyType = 1;
			remoteGlobalIDString = 4932CC8D1D917B6100E46E41;
			remoteInfo = BuffstopToolbox;
		};
/* End PBXContainerItemProxy section */

/* Begin PBXFileReference section */
		491EFC481D9FE0D800D0576F /* ObjectInformationTestClassSwift.swift */ = {isa = PBXFileReference; fileEncoding = 4; lastKnownFileType = sourcecode.swift; name = ObjectInformationTestClassSwift.swift; path = TestData/ObjectInformationTestClassSwift.swift; sourceTree = "<group>"; };
		491EFC4A1D9FE10D00D0576F /* ObjectInformationTestClassNSObject.swift */ = {isa = PBXFileReference; fileEncoding = 4; lastKnownFileType = sourcecode.swift; name = ObjectInformationTestClassNSObject.swift; path = TestData/ObjectInformationTestClassNSObject.swift; sourceTree = "<group>"; };
		491EFC501D9FE40900D0576F /* NSManagedObject+Additions.swift */ = {isa = PBXFileReference; fileEncoding = 4; lastKnownFileType = sourcecode.swift; name = "NSManagedObject+Additions.swift"; path = "CoreData/NSManagedObject+Additions.swift"; sourceTree = "<group>"; };
		492865271DA19E1C00A3D8AD /* NSManagedObject+AdditionsTests.swift */ = {isa = PBXFileReference; fileEncoding = 4; lastKnownFileType = sourcecode.swift; name = "NSManagedObject+AdditionsTests.swift"; path = "CoreData/NSManagedObject+AdditionsTests.swift"; sourceTree = "<group>"; };
		492865291DA19E6500A3D8AD /* CoreDataHelperTests.swift */ = {isa = PBXFileReference; fileEncoding = 4; lastKnownFileType = sourcecode.swift; name = CoreDataHelperTests.swift; path = CoreData/CoreDataHelperTests.swift; sourceTree = "<group>"; };
		492E50C01DAAC91F00D78B55 /* MSSticker+Additions.swift */ = {isa = PBXFileReference; fileEncoding = 4; lastKnownFileType = sourcecode.swift; name = "MSSticker+Additions.swift"; path = "Messages/MSSticker+Additions.swift"; sourceTree = "<group>"; };
		492E50C21DAACB3C00D78B55 /* CoreGraphics.framework */ = {isa = PBXFileReference; lastKnownFileType = wrapper.framework; name = CoreGraphics.framework; path = System/Library/Frameworks/CoreGraphics.framework; sourceTree = SDKROOT; };
		492E50C41DABAC4200D78B55 /* String+Unicode.swift */ = {isa = PBXFileReference; fileEncoding = 4; lastKnownFileType = sourcecode.swift; name = "String+Unicode.swift"; path = "Foundation/String+Unicode.swift"; sourceTree = "<group>"; };
		492E50C91DABB7E800D78B55 /* String+UnicodeTests.swift */ = {isa = PBXFileReference; fileEncoding = 4; lastKnownFileType = sourcecode.swift; name = "String+UnicodeTests.swift"; path = "Foundation/String+UnicodeTests.swift"; sourceTree = "<group>"; };
		492E50CB1DABB88C00D78B55 /* ObjectInformationHelperTests.swift */ = {isa = PBXFileReference; fileEncoding = 4; lastKnownFileType = sourcecode.swift; name = ObjectInformationHelperTests.swift; path = Other/ObjectInformationHelperTests.swift; sourceTree = "<group>"; };
		492E50CE1DABF95700D78B55 /* MSSticker+AdditionsTests.swift */ = {isa = PBXFileReference; fileEncoding = 4; lastKnownFileType = sourcecode.swift; name = "MSSticker+AdditionsTests.swift"; path = "Messages/MSSticker+AdditionsTests.swift"; sourceTree = "<group>"; };
		492E50D61DABFA1500D78B55 /* animated.png */ = {isa = PBXFileReference; lastKnownFileType = image.png; path = animated.png; sourceTree = "<group>"; };
		492E50D71DABFA1500D78B55 /* not_animated.png */ = {isa = PBXFileReference; lastKnownFileType = image.png; path = not_animated.png; sourceTree = "<group>"; };
		492E50DC1DAC149400D78B55 /* AppGroupHelper.swift */ = {isa = PBXFileReference; fileEncoding = 4; lastKnownFileType = sourcecode.swift; path = AppGroupHelper.swift; sourceTree = "<group>"; };
		492E50DD1DAC149400D78B55 /* CommonConstants.swift */ = {isa = PBXFileReference; fileEncoding = 4; lastKnownFileType = sourcecode.swift; path = CommonConstants.swift; sourceTree = "<group>"; };
		492E50DE1DAC149400D78B55 /* CommonErrors.swift */ = {isa = PBXFileReference; fileEncoding = 4; lastKnownFileType = sourcecode.swift; path = CommonErrors.swift; sourceTree = "<group>"; };
		492E50DF1DAC149400D78B55 /* Logging.swift */ = {isa = PBXFileReference; fileEncoding = 4; lastKnownFileType = sourcecode.swift; path = Logging.swift; sourceTree = "<group>"; };
		492E50E01DAC149400D78B55 /* ObjectInformationHelper.swift */ = {isa = PBXFileReference; fileEncoding = 4; lastKnownFileType = sourcecode.swift; path = ObjectInformationHelper.swift; sourceTree = "<group>"; };
		492E50E11DAC149400D78B55 /* PropertyListHelper.swift */ = {isa = PBXFileReference; fileEncoding = 4; lastKnownFileType = sourcecode.swift; path = PropertyListHelper.swift; sourceTree = "<group>"; };
		492E50E81DAC14FE00D78B55 /* UnicodeConverter.swift */ = {isa = PBXFileReference; fileEncoding = 4; lastKnownFileType = sourcecode.swift; path = UnicodeConverter.swift; sourceTree = "<group>"; };
		4932CC8E1D917B6100E46E41 /* BuffstopToolbox.framework */ = {isa = PBXFileReference; explicitFileType = wrapper.framework; includeInIndex = 0; path = BuffstopToolbox.framework; sourceTree = BUILT_PRODUCTS_DIR; };
		4932CC911D917B6100E46E41 /* BuffstopToolbox.h */ = {isa = PBXFileReference; lastKnownFileType = sourcecode.c.h; path = BuffstopToolbox.h; sourceTree = "<group>"; };
		4932CC921D917B6100E46E41 /* Info.plist */ = {isa = PBXFileReference; lastKnownFileType = text.plist.xml; path = Info.plist; sourceTree = "<group>"; };
		4932CC971D917B6100E46E41 /* BuffstopToolboxTests.xctest */ = {isa = PBXFileReference; explicitFileType = wrapper.cfbundle; includeInIndex = 0; path = BuffstopToolboxTests.xctest; sourceTree = BUILT_PRODUCTS_DIR; };
		4932CC9E1D917B6100E46E41 /* Info.plist */ = {isa = PBXFileReference; lastKnownFileType = text.plist.xml; path = Info.plist; sourceTree = "<group>"; };
		495145181DA128F8000D64F5 /* CoreDataHelper.swift */ = {isa = PBXFileReference; fileEncoding = 4; lastKnownFileType = sourcecode.swift; name = CoreDataHelper.swift; path = CoreData/CoreDataHelper.swift; sourceTree = "<group>"; };
		495FEB4E1DA12EEA0097FC34 /* TestModel.xcdatamodel */ = {isa = PBXFileReference; lastKnownFileType = wrapper.xcdatamodel; path = TestModel.xcdatamodel; sourceTree = "<group>"; };
		495FEB501DA12F600097FC34 /* TestCoreDataStack.swift */ = {isa = PBXFileReference; fileEncoding = 4; lastKnownFileType = sourcecode.swift; name = TestCoreDataStack.swift; path = Helper/TestCoreDataStack.swift; sourceTree = "<group>"; };
		495FEB561DA133030097FC34 /* TestEntity+CoreDataClass.swift */ = {isa = PBXFileReference; fileEncoding = 4; lastKnownFileType = sourcecode.swift; name = "TestEntity+CoreDataClass.swift"; path = "TestData/CoreData/TestEntity+CoreDataClass.swift"; sourceTree = "<group>"; };
		495FEB571DA133030097FC34 /* TestEntity+CoreDataProperties.swift */ = {isa = PBXFileReference; fileEncoding = 4; lastKnownFileType = sourcecode.swift; name = "TestEntity+CoreDataProperties.swift"; path = "TestData/CoreData/TestEntity+CoreDataProperties.swift"; sourceTree = "<group>"; };
		498850581DA566430028D647 /* UIView+AutoLayout.swift */ = {isa = PBXFileReference; fileEncoding = 4; lastKnownFileType = sourcecode.swift; name = "UIView+AutoLayout.swift"; path = "UIKit/UIView+AutoLayout.swift"; sourceTree = "<group>"; };
		498954A71DA3D6AA0020B848 /* CoreDataStackTests.swift */ = {isa = PBXFileReference; fileEncoding = 4; lastKnownFileType = sourcecode.swift; name = CoreDataStackTests.swift; path = CoreData/CoreDataStackTests.swift; sourceTree = "<group>"; };
		499AF2551D9A8FB90081477C /* CoreDataStack.swift */ = {isa = PBXFileReference; fileEncoding = 4; lastKnownFileType = sourcecode.swift; name = CoreDataStack.swift; path = CoreData/CoreDataStack.swift; sourceTree = "<group>"; };
		499AF2581D9A905C0081477C /* CoreData.framework */ = {isa = PBXFileReference; lastKnownFileType = wrapper.framework; name = CoreData.framework; path = System/Library/Frameworks/CoreData.framework; sourceTree = SDKROOT; };
/* End PBXFileReference section */

/* Begin PBXFrameworksBuildPhase section */
		4932CC8A1D917B6100E46E41 /* Frameworks */ = {
			isa = PBXFrameworksBuildPhase;
			buildActionMask = 2147483647;
			files = (
			);
			runOnlyForDeploymentPostprocessing = 0;
		};
		4932CC941D917B6100E46E41 /* Frameworks */ = {
			isa = PBXFrameworksBuildPhase;
			buildActionMask = 2147483647;
			files = (
				4932CC981D917B6100E46E41 /* BuffstopToolbox.framework in Frameworks */,
			);
			runOnlyForDeploymentPostprocessing = 0;
		};
/* End PBXFrameworksBuildPhase section */

/* Begin PBXGroup section */
		491EFC431D9FD9F500D0576F /* Helper */ = {
			isa = PBXGroup;
			children = (
				495FEB501DA12F600097FC34 /* TestCoreDataStack.swift */,
			);
			name = Helper;
			sourceTree = "<group>";
		};
		491EFC4C1D9FE2EC00D0576F /* Test Data */ = {
			isa = PBXGroup;
			children = (
				492E50D51DABFA1500D78B55 /* Messages */,
				495FEB4C1DA12ED20097FC34 /* CoreData */,
				491EFC4D1D9FE30D00D0576F /* ObjectInformationHelper Test Classes */,
			);
			name = "Test Data";
			sourceTree = "<group>";
		};
		491EFC4D1D9FE30D00D0576F /* ObjectInformationHelper Test Classes */ = {
			isa = PBXGroup;
			children = (
				491EFC481D9FE0D800D0576F /* ObjectInformationTestClassSwift.swift */,
				491EFC4A1D9FE10D00D0576F /* ObjectInformationTestClassNSObject.swift */,
			);
			name = "ObjectInformationHelper Test Classes";
			sourceTree = "<group>";
		};
		492865261DA19DC800A3D8AD /* CoreData */ = {
			isa = PBXGroup;
			children = (
				492865291DA19E6500A3D8AD /* CoreDataHelperTests.swift */,
				492865271DA19E1C00A3D8AD /* NSManagedObject+AdditionsTests.swift */,
				498954A71DA3D6AA0020B848 /* CoreDataStackTests.swift */,
			);
			name = CoreData;
			sourceTree = "<group>";
		};
		492E50BF1DAAC8F400D78B55 /* Messages */ = {
			isa = PBXGroup;
			children = (
				492E50C01DAAC91F00D78B55 /* MSSticker+Additions.swift */,
			);
			name = Messages;
			sourceTree = "<group>";
		};
		492E50C81DABB78D00D78B55 /* Foundation */ = {
			isa = PBXGroup;
			children = (
				492E50C91DABB7E800D78B55 /* String+UnicodeTests.swift */,
			);
			name = Foundation;
			sourceTree = "<group>";
		};
		492E50CD1DABF93600D78B55 /* Messages */ = {
			isa = PBXGroup;
			children = (
				492E50CE1DABF95700D78B55 /* MSSticker+AdditionsTests.swift */,
			);
			name = Messages;
			sourceTree = "<group>";
		};
		492E50D51DABFA1500D78B55 /* Messages */ = {
			isa = PBXGroup;
			children = (
				492E50D61DABFA1500D78B55 /* animated.png */,
				492E50D71DABFA1500D78B55 /* not_animated.png */,
			);
			name = Messages;
			path = TestData/Messages;
			sourceTree = "<group>";
		};
		492E50DB1DAC149400D78B55 /* Other */ = {
			isa = PBXGroup;
			children = (
				492E50DC1DAC149400D78B55 /* AppGroupHelper.swift */,
				492E50DD1DAC149400D78B55 /* CommonConstants.swift */,
				492E50DE1DAC149400D78B55 /* CommonErrors.swift */,
				492E50DF1DAC149400D78B55 /* Logging.swift */,
				492E50E01DAC149400D78B55 /* ObjectInformationHelper.swift */,
				492E50E11DAC149400D78B55 /* PropertyListHelper.swift */,
				492E50E81DAC14FE00D78B55 /* UnicodeConverter.swift */,
			);
			path = Other;
			sourceTree = "<group>";
		};
		4932CC841D917B6100E46E41 = {
			isa = PBXGroup;
			children = (
				4932CC901D917B6100E46E41 /* BuffstopToolbox */,
				4932CC9B1D917B6100E46E41 /* BuffstopToolboxTests */,
				4932CC8F1D917B6100E46E41 /* Products */,
				499AF2571D9A905C0081477C /* Frameworks */,
			);
			sourceTree = "<group>";
		};
		4932CC8F1D917B6100E46E41 /* Products */ = {
			isa = PBXGroup;
			children = (
				4932CC8E1D917B6100E46E41 /* BuffstopToolbox.framework */,
				4932CC971D917B6100E46E41 /* BuffstopToolboxTests.xctest */,
			);
			name = Products;
			sourceTree = "<group>";
		};
		4932CC901D917B6100E46E41 /* BuffstopToolbox */ = {
			isa = PBXGroup;
			children = (
				4932CCAA1D917C2D00E46E41 /* UIKit */,
				4932CCA91D917C2200E46E41 /* Foundation */,
				495FEB5E1DA16B6E0097FC34 /* CoreData */,
				492E50BF1DAAC8F400D78B55 /* Messages */,
				492E50DB1DAC149400D78B55 /* Other */,
				4932CC911D917B6100E46E41 /* BuffstopToolbox.h */,
				4932CC921D917B6100E46E41 /* Info.plist */,
			);
			path = BuffstopToolbox;
			sourceTree = "<group>";
		};
		4932CC9B1D917B6100E46E41 /* BuffstopToolboxTests */ = {
			isa = PBXGroup;
			children = (
				491EFC4C1D9FE2EC00D0576F /* Test Data */,
				491EFC431D9FD9F500D0576F /* Helper */,
				492E50C81DABB78D00D78B55 /* Foundation */,
				492865261DA19DC800A3D8AD /* CoreData */,
				492E50CD1DABF93600D78B55 /* Messages */,
				495FEB521DA130AB0097FC34 /* Other */,
				495FEB531DA130BA0097FC34 /* Supporting Files */,
			);
			path = BuffstopToolboxTests;
			sourceTree = "<group>";
		};
		4932CCA91D917C2200E46E41 /* Foundation */ = {
			isa = PBXGroup;
			children = (
				492E50C41DABAC4200D78B55 /* String+Unicode.swift */,
			);
			name = Foundation;
			sourceTree = "<group>";
		};
		4932CCAA1D917C2D00E46E41 /* UIKit */ = {
			isa = PBXGroup;
			children = (
				498850581DA566430028D647 /* UIView+AutoLayout.swift */,
			);
			name = UIKit;
			sourceTree = "<group>";
		};
		495FEB4C1DA12ED20097FC34 /* CoreData */ = {
			isa = PBXGroup;
			children = (
				495FEB561DA133030097FC34 /* TestEntity+CoreDataClass.swift */,
				495FEB571DA133030097FC34 /* TestEntity+CoreDataProperties.swift */,
				495FEB4D1DA12EEA0097FC34 /* TestModel.xcdatamodeld */,
			);
			name = CoreData;
			sourceTree = "<group>";
		};
		495FEB521DA130AB0097FC34 /* Other */ = {
			isa = PBXGroup;
			children = (
				492E50CB1DABB88C00D78B55 /* ObjectInformationHelperTests.swift */,
			);
			name = Other;
			sourceTree = "<group>";
		};
		495FEB531DA130BA0097FC34 /* Supporting Files */ = {
			isa = PBXGroup;
			children = (
				4932CC9E1D917B6100E46E41 /* Info.plist */,
			);
			name = "Supporting Files";
			sourceTree = "<group>";
		};
		495FEB5E1DA16B6E0097FC34 /* CoreData */ = {
			isa = PBXGroup;
			children = (
				499AF2551D9A8FB90081477C /* CoreDataStack.swift */,
				491EFC501D9FE40900D0576F /* NSManagedObject+Additions.swift */,
				495145181DA128F8000D64F5 /* CoreDataHelper.swift */,
			);
			name = CoreData;
			sourceTree = "<group>";
		};
		499AF2571D9A905C0081477C /* Frameworks */ = {
			isa = PBXGroup;
			children = (
				492E50C21DAACB3C00D78B55 /* CoreGraphics.framework */,
				499AF2581D9A905C0081477C /* CoreData.framework */,
			);
			name = Frameworks;
			sourceTree = "<group>";
		};
/* End PBXGroup section */

/* Begin PBXHeadersBuildPhase section */
		4932CC8B1D917B6100E46E41 /* Headers */ = {
			isa = PBXHeadersBuildPhase;
			buildActionMask = 2147483647;
			files = (
				4932CC9F1D917B6100E46E41 /* BuffstopToolbox.h in Headers */,
			);
			runOnlyForDeploymentPostprocessing = 0;
		};
/* End PBXHeadersBuildPhase section */

/* Begin PBXNativeTarget section */
		4932CC8D1D917B6100E46E41 /* BuffstopToolbox */ = {
			isa = PBXNativeTarget;
			buildConfigurationList = 4932CCA21D917B6100E46E41 /* Build configuration list for PBXNativeTarget "BuffstopToolbox" */;
			buildPhases = (
				4932CC891D917B6100E46E41 /* Sources */,
				4932CC8A1D917B6100E46E41 /* Frameworks */,
				4932CC8B1D917B6100E46E41 /* Headers */,
				4932CC8C1D917B6100E46E41 /* Resources */,
				499AF2511D9A78FD0081477C /* Build Fat Lib */,
			);
			buildRules = (
			);
			dependencies = (
			);
			name = BuffstopToolbox;
			productName = BuffstopToolbox;
			productReference = 4932CC8E1D917B6100E46E41 /* BuffstopToolbox.framework */;
			productType = "com.apple.product-type.framework";
		};
		4932CC961D917B6100E46E41 /* BuffstopToolboxTests */ = {
			isa = PBXNativeTarget;
			buildConfigurationList = 4932CCA51D917B6100E46E41 /* Build configuration list for PBXNativeTarget "BuffstopToolboxTests" */;
			buildPhases = (
				4932CC931D917B6100E46E41 /* Sources */,
				4932CC941D917B6100E46E41 /* Frameworks */,
				4932CC951D917B6100E46E41 /* Resources */,
			);
			buildRules = (
			);
			dependencies = (
				4932CC9A1D917B6100E46E41 /* PBXTargetDependency */,
			);
			name = BuffstopToolboxTests;
			productName = BuffstopToolboxTests;
			productReference = 4932CC971D917B6100E46E41 /* BuffstopToolboxTests.xctest */;
			productType = "com.apple.product-type.bundle.unit-test";
		};
/* End PBXNativeTarget section */

/* Begin PBXProject section */
		4932CC851D917B6100E46E41 /* Project object */ = {
			isa = PBXProject;
			attributes = {
				LastSwiftUpdateCheck = 0800;
				LastUpgradeCheck = 0800;
				ORGANIZATIONNAME = buffhaltestelle;
				TargetAttributes = {
					4932CC8D1D917B6100E46E41 = {
						CreatedOnToolsVersion = 8.0;
						DevelopmentTeam = Z3SAL3W4E6;
						LastSwiftMigration = 0800;
						ProvisioningStyle = Automatic;
					};
					4932CC961D917B6100E46E41 = {
						CreatedOnToolsVersion = 8.0;
						DevelopmentTeam = Z3SAL3W4E6;
						ProvisioningStyle = Automatic;
					};
				};
			};
			buildConfigurationList = 4932CC881D917B6100E46E41 /* Build configuration list for PBXProject "BuffstopToolbox" */;
			compatibilityVersion = "Xcode 3.2";
			developmentRegion = English;
			hasScannedForEncodings = 0;
			knownRegions = (
				en,
			);
			mainGroup = 4932CC841D917B6100E46E41;
			productRefGroup = 4932CC8F1D917B6100E46E41 /* Products */;
			projectDirPath = "";
			projectRoot = "";
			targets = (
				4932CC8D1D917B6100E46E41 /* BuffstopToolbox */,
				4932CC961D917B6100E46E41 /* BuffstopToolboxTests */,
			);
		};
/* End PBXProject section */

/* Begin PBXResourcesBuildPhase section */
		4932CC8C1D917B6100E46E41 /* Resources */ = {
			isa = PBXResourcesBuildPhase;
			buildActionMask = 2147483647;
			files = (
			);
			runOnlyForDeploymentPostprocessing = 0;
		};
		4932CC951D917B6100E46E41 /* Resources */ = {
			isa = PBXResourcesBuildPhase;
			buildActionMask = 2147483647;
			files = (
				492E50D91DABFA1500D78B55 /* not_animated.png in Resources */,
				492E50D81DABFA1500D78B55 /* animated.png in Resources */,
			);
			runOnlyForDeploymentPostprocessing = 0;
		};
/* End PBXResourcesBuildPhase section */

/* Begin PBXShellScriptBuildPhase section */
		499AF2511D9A78FD0081477C /* Build Fat Lib */ = {
			isa = PBXShellScriptBuildPhase;
			buildActionMask = 2147483647;
			files = (
			);
			inputPaths = (
			);
			name = "Build Fat Lib";
			outputPaths = (
			);
			runOnlyForDeploymentPostprocessing = 0;
			shellPath = /bin/sh;
			shellScript = "# Merge Script\n\n# Set bash script to exit immediately if any commands fail.\nset -e\n\n# Avoid recursively calling this script.\nif [[ $SF_MASTER_SCRIPT_RUNNING ]]\nthen\nexit 0\nfi\nset -u\nexport SF_MASTER_SCRIPT_RUNNING=1\n\n# Setup some constants for use later on.\nFRAMEWORK_NAME=\"${PROJECT_NAME}\"\nFAT_LIB_DIR=\"${SRCROOT}/fatlib\"\n\n# Assure fatlib dir exists\nmkdir -p ${FAT_LIB_DIR}\n\n# If remnants from a previous build exist, delete them.\nif [ -d \"${SRCROOT}/build\" ]; then\nrm -rf \"${SRCROOT}/build\"\nfi\n\n# Build the framework for device and for simulator (using\n# all needed architectures).\nxcodebuild -target \"${FRAMEWORK_NAME}\" -configuration Release -arch arm64 -arch armv7 -arch armv7s only_active_arch=no defines_module=yes -sdk \"iphoneos\"\nxcodebuild -target \"${FRAMEWORK_NAME}\" -configuration Release -arch x86_64 -arch i386 only_active_arch=no defines_module=yes -sdk \"iphonesimulator\"\n\n# Remove .framework file if exists from previous run.\nif [ -d \"${FAT_LIB_DIR}/${FRAMEWORK_NAME}.framework\" ]; then\nrm -rf \"${FAT_LIB_DIR}/${FRAMEWORK_NAME}.framework\"\nfi\n\n# Copy the device version of framework.\ncp -r \"${SRCROOT}/build/Release-iphoneos/${FRAMEWORK_NAME}.framework\" \"${FAT_LIB_DIR}/${FRAMEWORK_NAME}.framework\"\n\n# Replace the framework executable within the framework with\n# a new version created by merging the device and simulator\n# frameworks' executables with lipo.\nlipo -create -output \"${FAT_LIB_DIR}/${FRAMEWORK_NAME}.framework/${FRAMEWORK_NAME}\" \"${SRCROOT}/build/Release-iphoneos/${FRAMEWORK_NAME}.framework/${FRAMEWORK_NAME}\" \"${SRCROOT}/build/Release-iphonesimulator/${FRAMEWORK_NAME}.framework/${FRAMEWORK_NAME}\"\n\n# Copy the Swift module mappings for the simulator into the\n# framework.  The device mappings already exist from previous step\ncp -r ${SRCROOT}/build/Release-iphonesimulator/${FRAMEWORK_NAME}.framework/Modules/* \"${FAT_LIB_DIR}/${FRAMEWORK_NAME}.framework/Modules/\"\n\n# Delete the most recent build.\nif [ -d \"${SRCROOT}/build\" ]; then\nrm -rf \"${SRCROOT}/build\"\nfi";
		};
/* End PBXShellScriptBuildPhase section */

/* Begin PBXSourcesBuildPhase section */
		4932CC891D917B6100E46E41 /* Sources */ = {
			isa = PBXSourcesBuildPhase;
			buildActionMask = 2147483647;
			files = (
				492E50E41DAC149400D78B55 /* CommonErrors.swift in Sources */,
				492E50E51DAC149400D78B55 /* Logging.swift in Sources */,
				495145191DA128F8000D64F5 /* CoreDataHelper.swift in Sources */,
				499AF2561D9A8FB90081477C /* CoreDataStack.swift in Sources */,
				491EFC511D9FE40900D0576F /* NSManagedObject+Additions.swift in Sources */,
				492E50E91DAC14FE00D78B55 /* UnicodeConverter.swift in Sources */,
				498850591DA566430028D647 /* UIView+AutoLayout.swift in Sources */,
				492E50C11DAAC91F00D78B55 /* MSSticker+Additions.swift in Sources */,
				492E50E61DAC149400D78B55 /* ObjectInformationHelper.swift in Sources */,
				492E50E71DAC149400D78B55 /* PropertyListHelper.swift in Sources */,
				492E50C51DABAC4200D78B55 /* String+Unicode.swift in Sources */,
				492E50E31DAC149400D78B55 /* CommonConstants.swift in Sources */,
				492E50E21DAC149400D78B55 /* AppGroupHelper.swift in Sources */,
			);
			runOnlyForDeploymentPostprocessing = 0;
		};
		4932CC931D917B6100E46E41 /* Sources */ = {
			isa = PBXSourcesBuildPhase;
			buildActionMask = 2147483647;
			files = (
				491EFC4B1D9FE10D00D0576F /* ObjectInformationTestClassNSObject.swift in Sources */,
				495FEB511DA12F600097FC34 /* TestCoreDataStack.swift in Sources */,
				491EFC491D9FE0D800D0576F /* ObjectInformationTestClassSwift.swift in Sources */,
				495FEB581DA133030097FC34 /* TestEntity+CoreDataClass.swift in Sources */,
				4928652A1DA19E6500A3D8AD /* CoreDataHelperTests.swift in Sources */,
				492E50CA1DABB7E800D78B55 /* String+UnicodeTests.swift in Sources */,
				495FEB591DA133030097FC34 /* TestEntity+CoreDataProperties.swift in Sources */,
				492E50CC1DABB88C00D78B55 /* ObjectInformationHelperTests.swift in Sources */,
				498954A81DA3D6AA0020B848 /* CoreDataStackTests.swift in Sources */,
				495FEB4F1DA12EEA0097FC34 /* TestModel.xcdatamodeld in Sources */,
				492865281DA19E1C00A3D8AD /* NSManagedObject+AdditionsTests.swift in Sources */,
				492E50CF1DABF95700D78B55 /* MSSticker+AdditionsTests.swift in Sources */,
			);
			runOnlyForDeploymentPostprocessing = 0;
		};
/* End PBXSourcesBuildPhase section */

/* Begin PBXTargetDependency section */
		4932CC9A1D917B6100E46E41 /* PBXTargetDependency */ = {
			isa = PBXTargetDependency;
			target = 4932CC8D1D917B6100E46E41 /* BuffstopToolbox */;
			targetProxy = 4932CC991D917B6100E46E41 /* PBXContainerItemProxy */;
		};
/* End PBXTargetDependency section */

/* Begin XCBuildConfiguration section */
		4932CCA01D917B6100E46E41 /* Debug */ = {
			isa = XCBuildConfiguration;
			buildSettings = {
				ALWAYS_SEARCH_USER_PATHS = NO;
				CLANG_ANALYZER_NONNULL = YES;
				CLANG_CXX_LANGUAGE_STANDARD = "gnu++0x";
				CLANG_CXX_LIBRARY = "libc++";
				CLANG_ENABLE_MODULES = YES;
				CLANG_ENABLE_OBJC_ARC = YES;
				CLANG_WARN_BOOL_CONVERSION = YES;
				CLANG_WARN_CONSTANT_CONVERSION = YES;
				CLANG_WARN_DIRECT_OBJC_ISA_USAGE = YES_ERROR;
				CLANG_WARN_DOCUMENTATION_COMMENTS = YES;
				CLANG_WARN_EMPTY_BODY = YES;
				CLANG_WARN_ENUM_CONVERSION = YES;
				CLANG_WARN_INFINITE_RECURSION = YES;
				CLANG_WARN_INT_CONVERSION = YES;
				CLANG_WARN_OBJC_ROOT_CLASS = YES_ERROR;
				CLANG_WARN_SUSPICIOUS_MOVES = YES;
				CLANG_WARN_UNREACHABLE_CODE = YES;
				CLANG_WARN__DUPLICATE_METHOD_MATCH = YES;
				"CODE_SIGN_IDENTITY[sdk=iphoneos*]" = "iPhone Developer";
				COPY_PHASE_STRIP = NO;
				CURRENT_PROJECT_VERSION = 1;
				DEBUG_INFORMATION_FORMAT = dwarf;
				ENABLE_STRICT_OBJC_MSGSEND = YES;
				ENABLE_TESTABILITY = YES;
				GCC_C_LANGUAGE_STANDARD = gnu99;
				GCC_DYNAMIC_NO_PIC = NO;
				GCC_NO_COMMON_BLOCKS = YES;
				GCC_OPTIMIZATION_LEVEL = 0;
				GCC_PREPROCESSOR_DEFINITIONS = (
					"DEBUG=1",
					"$(inherited)",
				);
				GCC_WARN_64_TO_32_BIT_CONVERSION = YES;
				GCC_WARN_ABOUT_RETURN_TYPE = YES_ERROR;
				GCC_WARN_UNDECLARED_SELECTOR = YES;
				GCC_WARN_UNINITIALIZED_AUTOS = YES_AGGRESSIVE;
				GCC_WARN_UNUSED_FUNCTION = YES;
				GCC_WARN_UNUSED_VARIABLE = YES;
				IPHONEOS_DEPLOYMENT_TARGET = 10.0;
				MTL_ENABLE_DEBUG_INFO = YES;
				ONLY_ACTIVE_ARCH = YES;
				SDKROOT = iphoneos;
				SWIFT_ACTIVE_COMPILATION_CONDITIONS = DEBUG;
				SWIFT_OPTIMIZATION_LEVEL = "-Onone";
				TARGETED_DEVICE_FAMILY = "1,2";
				VERSIONING_SYSTEM = "apple-generic";
				VERSION_INFO_PREFIX = "";
			};
			name = Debug;
		};
		4932CCA11D917B6100E46E41 /* Release */ = {
			isa = XCBuildConfiguration;
			buildSettings = {
				ALWAYS_SEARCH_USER_PATHS = NO;
				CLANG_ANALYZER_NONNULL = YES;
				CLANG_CXX_LANGUAGE_STANDARD = "gnu++0x";
				CLANG_CXX_LIBRARY = "libc++";
				CLANG_ENABLE_MODULES = YES;
				CLANG_ENABLE_OBJC_ARC = YES;
				CLANG_WARN_BOOL_CONVERSION = YES;
				CLANG_WARN_CONSTANT_CONVERSION = YES;
				CLANG_WARN_DIRECT_OBJC_ISA_USAGE = YES_ERROR;
				CLANG_WARN_DOCUMENTATION_COMMENTS = YES;
				CLANG_WARN_EMPTY_BODY = YES;
				CLANG_WARN_ENUM_CONVERSION = YES;
				CLANG_WARN_INFINITE_RECURSION = YES;
				CLANG_WARN_INT_CONVERSION = YES;
				CLANG_WARN_OBJC_ROOT_CLASS = YES_ERROR;
				CLANG_WARN_SUSPICIOUS_MOVES = YES;
				CLANG_WARN_UNREACHABLE_CODE = YES;
				CLANG_WARN__DUPLICATE_METHOD_MATCH = YES;
				"CODE_SIGN_IDENTITY[sdk=iphoneos*]" = "iPhone Developer";
				COPY_PHASE_STRIP = NO;
				CURRENT_PROJECT_VERSION = 1;
				DEBUG_INFORMATION_FORMAT = "dwarf-with-dsym";
				ENABLE_NS_ASSERTIONS = NO;
				ENABLE_STRICT_OBJC_MSGSEND = YES;
				GCC_C_LANGUAGE_STANDARD = gnu99;
				GCC_NO_COMMON_BLOCKS = YES;
				GCC_WARN_64_TO_32_BIT_CONVERSION = YES;
				GCC_WARN_ABOUT_RETURN_TYPE = YES_ERROR;
				GCC_WARN_UNDECLARED_SELECTOR = YES;
				GCC_WARN_UNINITIALIZED_AUTOS = YES_AGGRESSIVE;
				GCC_WARN_UNUSED_FUNCTION = YES;
				GCC_WARN_UNUSED_VARIABLE = YES;
				IPHONEOS_DEPLOYMENT_TARGET = 10.0;
				MTL_ENABLE_DEBUG_INFO = NO;
				SDKROOT = iphoneos;
				SWIFT_OPTIMIZATION_LEVEL = "-Owholemodule";
				TARGETED_DEVICE_FAMILY = "1,2";
				VALIDATE_PRODUCT = YES;
				VERSIONING_SYSTEM = "apple-generic";
				VERSION_INFO_PREFIX = "";
			};
			name = Release;
		};
		4932CCA31D917B6100E46E41 /* Debug */ = {
			isa = XCBuildConfiguration;
			buildSettings = {
				APPLICATION_EXTENSION_API_ONLY = YES;
				CLANG_ENABLE_MODULES = YES;
				CODE_SIGN_IDENTITY = "";
				DEFINES_MODULE = YES;
				DEVELOPMENT_TEAM = Z3SAL3W4E6;
				DYLIB_COMPATIBILITY_VERSION = 1;
				DYLIB_CURRENT_VERSION = 1;
				DYLIB_INSTALL_NAME_BASE = "@rpath";
				INFOPLIST_FILE = BuffstopToolbox/Info.plist;
				INSTALL_PATH = "$(LOCAL_LIBRARY_DIR)/Frameworks";
				LD_RUNPATH_SEARCH_PATHS = "$(inherited) @executable_path/Frameworks @loader_path/Frameworks";
				ONLY_ACTIVE_ARCH = NO;
				PRODUCT_BUNDLE_IDENTIFIER = de.buffhaltestelle.BuffstopToolbox;
				PRODUCT_NAME = "$(TARGET_NAME)";
				SKIP_INSTALL = YES;
				SWIFT_OPTIMIZATION_LEVEL = "-Onone";
				SWIFT_VERSION = 3.0;
				VALID_ARCHS = "arm64 armv7 armv7s x86_64 i386";
			};
			name = Debug;
		};
		4932CCA41D917B6100E46E41 /* Release */ = {
			isa = XCBuildConfiguration;
			buildSettings = {
				APPLICATION_EXTENSION_API_ONLY = YES;
				CLANG_ENABLE_MODULES = YES;
				CODE_SIGN_IDENTITY = "";
				DEFINES_MODULE = YES;
				DEVELOPMENT_TEAM = Z3SAL3W4E6;
				DYLIB_COMPATIBILITY_VERSION = 1;
				DYLIB_CURRENT_VERSION = 1;
				DYLIB_INSTALL_NAME_BASE = "@rpath";
				INFOPLIST_FILE = BuffstopToolbox/Info.plist;
				INSTALL_PATH = "$(LOCAL_LIBRARY_DIR)/Frameworks";
				LD_RUNPATH_SEARCH_PATHS = "$(inherited) @executable_path/Frameworks @loader_path/Frameworks";
				PRODUCT_BUNDLE_IDENTIFIER = de.buffhaltestelle.BuffstopToolbox;
				PRODUCT_NAME = "$(TARGET_NAME)";
				SKIP_INSTALL = YES;
				SWIFT_VERSION = 3.0;
				VALID_ARCHS = "arm64 armv7 armv7s x86_64 i386";
			};
			name = Release;
		};
		4932CCA61D917B6100E46E41 /* Debug */ = {
			isa = XCBuildConfiguration;
			buildSettings = {
				ALWAYS_EMBED_SWIFT_STANDARD_LIBRARIES = YES;
				DEVELOPMENT_TEAM = Z3SAL3W4E6;
				INFOPLIST_FILE = BuffstopToolboxTests/Info.plist;
				LD_RUNPATH_SEARCH_PATHS = "$(inherited) @executable_path/Frameworks @loader_path/Frameworks";
				PRODUCT_BUNDLE_IDENTIFIER = de.buffhaltestelle.BuffstopToolboxTests;
				PRODUCT_NAME = "$(TARGET_NAME)";
				SWIFT_VERSION = 3.0;
			};
			name = Debug;
		};
		4932CCA71D917B6100E46E41 /* Release */ = {
			isa = XCBuildConfiguration;
			buildSettings = {
				ALWAYS_EMBED_SWIFT_STANDARD_LIBRARIES = YES;
				DEVELOPMENT_TEAM = Z3SAL3W4E6;
				INFOPLIST_FILE = BuffstopToolboxTests/Info.plist;
				LD_RUNPATH_SEARCH_PATHS = "$(inherited) @executable_path/Frameworks @loader_path/Frameworks";
				PRODUCT_BUNDLE_IDENTIFIER = de.buffhaltestelle.BuffstopToolboxTests;
				PRODUCT_NAME = "$(TARGET_NAME)";
				SWIFT_VERSION = 3.0;
			};
			name = Release;
		};
/* End XCBuildConfiguration section */

/* Begin XCConfigurationList section */
		4932CC881D917B6100E46E41 /* Build configuration list for PBXProject "BuffstopToolbox" */ = {
			isa = XCConfigurationList;
			buildConfigurations = (
				4932CCA01D917B6100E46E41 /* Debug */,
				4932CCA11D917B6100E46E41 /* Release */,
			);
			defaultConfigurationIsVisible = 0;
			defaultConfigurationName = Release;
		};
		4932CCA21D917B6100E46E41 /* Build configuration list for PBXNativeTarget "BuffstopToolbox" */ = {
			isa = XCConfigurationList;
			buildConfigurations = (
				4932CCA31D917B6100E46E41 /* Debug */,
				4932CCA41D917B6100E46E41 /* Release */,
			);
			defaultConfigurationIsVisible = 0;
			defaultConfigurationName = Release;
		};
		4932CCA51D917B6100E46E41 /* Build configuration list for PBXNativeTarget "BuffstopToolboxTests" */ = {
			isa = XCConfigurationList;
			buildConfigurations = (
				4932CCA61D917B6100E46E41 /* Debug */,
				4932CCA71D917B6100E46E41 /* Release */,
			);
			defaultConfigurationIsVisible = 0;
			defaultConfigurationName = Release;
		};
/* End XCConfigurationList section */

/* Begin XCVersionGroup section */
		495FEB4D1DA12EEA0097FC34 /* TestModel.xcdatamodeld */ = {
			isa = XCVersionGroup;
			children = (
				495FEB4E1DA12EEA0097FC34 /* TestModel.xcdatamodel */,
			);
			currentVersion = 495FEB4E1DA12EEA0097FC34 /* TestModel.xcdatamodel */;
			name = TestModel.xcdatamodeld;
			path = TestData/CoreData/TestModel.xcdatamodeld;
			sourceTree = "<group>";
			versionGroupType = wrapper.xcdatamodel;
		};
/* End XCVersionGroup section */
	};
	rootObject = 4932CC851D917B6100E46E41 /* Project object */;
}
